
Microsoft Visual Studio Solution File, Format Version 12.00
# Visual Studio Version 17
VisualStudioVersion = 17.5.33424.131
MinimumVisualStudioVersion = 10.0.40219.1
Project("{8BC9CEB8-8B4A-11D0-8D11-00A0C91BC942}") = "week02", "week02\week02.vcxproj", "{1EB453B2-F63C-43C8-A4BC-353C68D4471A}"
EndProject
Project("{8BC9CEB8-8B4A-11D0-8D11-00A0C91BC942}") = "week04", "week04\week04.vcxproj", "{5E4B8614-FBDB-4572-98DF-CED88524DA58}"
EndProject
Project("{8BC9CEB8-8B4A-11D0-8D11-00A0C91BC942}") = "week05", "week05\week05.vcxproj", "{D40CC321-6DA9-44F3-B5BC-FB678EE2B765}"
EndProject
Project("{8BC9CEB8-8B4A-11D0-8D11-00A0C91BC942}") = "week09", "week09\week09.vcxproj", "{34008515-2632-492A-AE06-4AC110FC70F0}"
EndProject
Global
	GlobalSection(SolutionConfigurationPlatforms) = preSolution
		Debug|x64 = Debug|x64
		Debug|x86 = Debug|x86
		Release|x64 = Release|x64
		Release|x86 = Release|x86
	EndGlobalSection
	GlobalSection(ProjectConfigurationPlatforms) = postSolution
		{1EB453B2-F63C-43C8-A4BC-353C68D4471A}.Debug|x64.ActiveCfg = Debug|x64
		{1EB453B2-F63C-43C8-A4BC-353C68D4471A}.Debug|x64.Build.0 = Debug|x64
		{1EB453B2-F63C-43C8-A4BC-353C68D4471A}.Debug|x86.ActiveCfg = Debug|Win32
		{1EB453B2-F63C-43C8-A4BC-353C68D4471A}.Debug|x86.Build.0 = Debug|Win32
		{1EB453B2-F63C-43C8-A4BC-353C68D4471A}.Release|x64.ActiveCfg = Release|x64
		{1EB453B2-F63C-43C8-A4BC-353C68D4471A}.Release|x64.Build.0 = Release|x64
		{1EB453B2-F63C-43C8-A4BC-353C68D4471A}.Release|x86.ActiveCfg = Release|Win32
		{1EB453B2-F63C-43C8-A4BC-353C68D4471A}.Release|x86.Build.0 = Release|Win32
		{5E4B8614-FBDB-4572-98DF-CED88524DA58}.Debug|x64.ActiveCfg = Debug|x64
		{5E4B8614-FBDB-4572-98DF-CED88524DA58}.Debug|x64.Build.0 = Debug|x64
		{5E4B8614-FBDB-4572-98DF-CED88524DA58}.Debug|x86.ActiveCfg = Debug|Win32
		{5E4B8614-FBDB-4572-98DF-CED88524DA58}.Debug|x86.Build.0 = Debug|Win32
		{5E4B8614-FBDB-4572-98DF-CED88524DA58}.Release|x64.ActiveCfg = Release|x64
		{5E4B8614-FBDB-4572-98DF-CED88524DA58}.Release|x64.Build.0 = Release|x64
		{5E4B8614-FBDB-4572-98DF-CED88524DA58}.Release|x86.ActiveCfg = Release|Win32
		{5E4B8614-FBDB-4572-98DF-CED88524DA58}.Release|x86.Build.0 = Release|Win32
		{D40CC321-6DA9-44F3-B5BC-FB678EE2B765}.Debug|x64.ActiveCfg = Debug|x64
		{D40CC321-6DA9-44F3-B5BC-FB678EE2B765}.Debug|x64.Build.0 = Debug|x64
		{D40CC321-6DA9-44F3-B5BC-FB678EE2B765}.Debug|x86.ActiveCfg = Debug|Win32
		{D40CC321-6DA9-44F3-B5BC-FB678EE2B765}.Debug|x86.Build.0 = Debug|Win32
		{D40CC321-6DA9-44F3-B5BC-FB678EE2B765}.Release|x64.ActiveCfg = Release|x64
		{D40CC321-6DA9-44F3-B5BC-FB678EE2B765}.Release|x64.Build.0 = Release|x64
		{D40CC321-6DA9-44F3-B5BC-FB678EE2B765}.Release|x86.ActiveCfg = Release|Win32
		{D40CC321-6DA9-44F3-B5BC-FB678EE2B765}.Release|x86.Build.0 = Release|Win32
		{34008515-2632-492A-AE06-4AC110FC70F0}.Debug|x64.ActiveCfg = Debug|x64
		{34008515-2632-492A-AE06-4AC110FC70F0}.Debug|x64.Build.0 = Debug|x64
		{34008515-2632-492A-AE06-4AC110FC70F0}.Debug|x86.ActiveCfg = Debug|Win32
		{34008515-2632-492A-AE06-4AC110FC70F0}.Debug|x86.Build.0 = Debug|Win32
		{34008515-2632-492A-AE06-4AC110FC70F0}.Release|x64.ActiveCfg = Release|x64
		{34008515-2632-492A-AE06-4AC110FC70F0}.Release|x64.Build.0 = Release|x64
		{34008515-2632-492A-AE06-4AC110FC70F0}.Release|x86.ActiveCfg = Release|Win32
		{34008515-2632-492A-AE06-4AC110FC70F0}.Release|x86.Build.0 = Release|Win32
	EndGlobalSection
	GlobalSection(SolutionProperties) = preSolution
		HideSolutionNode = FALSE
	EndGlobalSection
	GlobalSection(ExtensibilityGlobals) = postSolution
		SolutionGuid = {F02128B3-E494-4B94-AFD2-4793776ACECA}
	EndGlobalSection
EndGlobal
